{
    "name": "rest-countries-api-with-color-theme-switcher-master",
    "version": "1.0.0",
    "lockfileVersion": 2,
    "requires": true,
    "packages": {
        "": {
            "name": "rest-countries-api-with-color-theme-switcher-master",
            "version": "1.0.0",
            "license": "MIT",
            "dependencies": {
                "@formkit/auto-animate": "^1.0.0-beta.6"
            }
        },
        "node_modules/@formkit/auto-animate": {
            "version": "1.0.0-beta.6",
            "resolved": "https://registry.npmjs.org/@formkit/auto-animate/-/auto-animate-1.0.0-beta.6.tgz",
            "integrity": "sha512-PVDhLAlr+B4Xb7e+1wozBUWmXa6BFU8xUPR/W/E+TsQhPS1qkAdAsJ25keEnFrcePSnXHrOsh3tiFbEToOzV9w=="
        }
    },
    "dependencies": {
        "@formkit/auto-animate": {
            "version": "1.0.0-beta.6",
            "resolved": "https://registry.npmjs.org/@formkit/auto-animate/-/auto-animate-1.0.0-beta.6.tgz",
            "integrity": "sha512-PVDhLAlr+B4Xb7e+1wozBUWmXa6BFU8xUPR/W/E+TsQhPS1qkAdAsJ25keEnFrcePSnXHrOsh3tiFbEToOzV9w=="
        }
    }
}
